
Microsoft Visual Studio Solution File, Format Version 12.00
# Visual Studio Version 16
VisualStudioVersion = 16.0.31313.79
MinimumVisualStudioVersion = 10.0.40219.1
Project("{9A19103F-16F7-4668-BE54-9A1E7A4F7556}") = "API", "API\API.csproj", "{31F263D6-65C2-4016-B1AA-3531CFEDC9C2}"
EndProject
Project("{FAE04EC0-301F-11D3-BF4B-00C04F79EFBC}") = "Core", "Core\Core.csproj", "{9911A50C-5365-4F68-BBA0-CB2B9EBF42AA}"
EndProject
Project("{FAE04EC0-301F-11D3-BF4B-00C04F79EFBC}") = "Infrastructure", "Infrastructure\Infrastructure.csproj", "{3BF4B9EF-F2E4-4069-9EC7-08CF11279376}"
EndProject
Global
	GlobalSection(SolutionConfigurationPlatforms) = preSolution
		Debug|Any CPU = Debug|Any CPU
		Release|Any CPU = Release|Any CPU
	EndGlobalSection
	GlobalSection(ProjectConfigurationPlatforms) = postSolution
		{31F263D6-65C2-4016-B1AA-3531CFEDC9C2}.Debug|Any CPU.ActiveCfg = Debug|Any CPU
		{31F263D6-65C2-4016-B1AA-3531CFEDC9C2}.Debug|Any CPU.Build.0 = Debug|Any CPU
		{31F263D6-65C2-4016-B1AA-3531CFEDC9C2}.Release|Any CPU.ActiveCfg = Release|Any CPU
		{31F263D6-65C2-4016-B1AA-3531CFEDC9C2}.Release|Any CPU.Build.0 = Release|Any CPU
		{9911A50C-5365-4F68-BBA0-CB2B9EBF42AA}.Debug|Any CPU.ActiveCfg = Debug|Any CPU
		{9911A50C-5365-4F68-BBA0-CB2B9EBF42AA}.Debug|Any CPU.Build.0 = Debug|Any CPU
		{9911A50C-5365-4F68-BBA0-CB2B9EBF42AA}.Release|Any CPU.ActiveCfg = Release|Any CPU
		{9911A50C-5365-4F68-BBA0-CB2B9EBF42AA}.Release|Any CPU.Build.0 = Release|Any CPU
		{3BF4B9EF-F2E4-4069-9EC7-08CF11279376}.Debug|Any CPU.ActiveCfg = Debug|Any CPU
		{3BF4B9EF-F2E4-4069-9EC7-08CF11279376}.Debug|Any CPU.Build.0 = Debug|Any CPU
		{3BF4B9EF-F2E4-4069-9EC7-08CF11279376}.Release|Any CPU.ActiveCfg = Release|Any CPU
		{3BF4B9EF-F2E4-4069-9EC7-08CF11279376}.Release|Any CPU.Build.0 = Release|Any CPU
	EndGlobalSection
	GlobalSection(SolutionProperties) = preSolution
		HideSolutionNode = FALSE
	EndGlobalSection
	GlobalSection(ExtensibilityGlobals) = postSolution
		SolutionGuid = {92CF370D-08D6-4803-97D8-00A4FF562E6E}
	EndGlobalSection
EndGlobal
